// !$*UTF8*$!
{
	archiveVersion = 1;
	classes = {
	};
	objectVersion = 46;
	objects = {

/* Begin PBXBuildFile section */
		A28750341ADA09F9006FC5E6 /* Block.swift in Sources */ = {isa = PBXBuildFile; fileRef = A28750331ADA09F9006FC5E6 /* Block.swift */; };
		A28750361ADA0A5A006FC5E6 /* Array2D.swift in Sources */ = {isa = PBXBuildFile; fileRef = A28750351ADA0A5A006FC5E6 /* Array2D.swift */; };
		A287503A1ADB251B006FC5E6 /* Snake.swift in Sources */ = {isa = PBXBuildFile; fileRef = A28750391ADB251B006FC5E6 /* Snake.swift */; };
		A287503C1ADB29F1006FC5E6 /* Images in Resources */ = {isa = PBXBuildFile; fileRef = A287503B1ADB29F1006FC5E6 /* Images */; };
		A287503E1ADB3106006FC5E6 /* Sprites.atlas in Resources */ = {isa = PBXBuildFile; fileRef = A287503D1ADB3106006FC5E6 /* Sprites.atlas */; };
		A28750401ADB37C4006FC5E6 /* GameBoard.swift in Sources */ = {isa = PBXBuildFile; fileRef = A287503F1ADB37C4006FC5E6 /* GameBoard.swift */; };
		A2EF2A011AD9FB54000FB498 /* AppDelegate.swift in Sources */ = {isa = PBXBuildFile; fileRef = A2EF2A001AD9FB54000FB498 /* AppDelegate.swift */; };
		A2EF2A031AD9FB54000FB498 /* GameScene.sks in Resources */ = {isa = PBXBuildFile; fileRef = A2EF2A021AD9FB54000FB498 /* GameScene.sks */; };
		A2EF2A051AD9FB54000FB498 /* GameScene.swift in Sources */ = {isa = PBXBuildFile; fileRef = A2EF2A041AD9FB54000FB498 /* GameScene.swift */; };
		A2EF2A071AD9FB54000FB498 /* GameViewController.swift in Sources */ = {isa = PBXBuildFile; fileRef = A2EF2A061AD9FB54000FB498 /* GameViewController.swift */; };
		A2EF2A0A1AD9FB54000FB498 /* Main.storyboard in Resources */ = {isa = PBXBuildFile; fileRef = A2EF2A081AD9FB54000FB498 /* Main.storyboard */; };
		A2EF2A0C1AD9FB54000FB498 /* Images.xcassets in Resources */ = {isa = PBXBuildFile; fileRef = A2EF2A0B1AD9FB54000FB498 /* Images.xcassets */; };
		A2EF2A0F1AD9FB54000FB498 /* LaunchScreen.xib in Resources */ = {isa = PBXBuildFile; fileRef = A2EF2A0D1AD9FB54000FB498 /* LaunchScreen.xib */; };
		A2EF2A1B1AD9FB54000FB498 /* MultiSnakesTests.swift in Sources */ = {isa = PBXBuildFile; fileRef = A2EF2A1A1AD9FB54000FB498 /* MultiSnakesTests.swift */; };
/* End PBXBuildFile section */

/* Begin PBXContainerItemProxy section */
		A2EF2A151AD9FB54000FB498 /* PBXContainerItemProxy */ = {
			isa = PBXContainerItemProxy;
			containerPortal = A2EF29F31AD9FB54000FB498 /* Project object */;
			proxyType = 1;
			remoteGlobalIDString = A2EF29FA1AD9FB54000FB498;
			remoteInfo = MultiSnakes;
		};
/* End PBXContainerItemProxy section */

/* Begin PBXFileReference section */
		A28750331ADA09F9006FC5E6 /* Block.swift */ = {isa = PBXFileReference; fileEncoding = 4; lastKnownFileType = sourcecode.swift; path = Block.swift; sourceTree = "<group>"; };
		A28750351ADA0A5A006FC5E6 /* Array2D.swift */ = {isa = PBXFileReference; fileEncoding = 4; lastKnownFileType = sourcecode.swift; path = Array2D.swift; sourceTree = "<group>"; };
		A28750391ADB251B006FC5E6 /* Snake.swift */ = {isa = PBXFileReference; fileEncoding = 4; lastKnownFileType = sourcecode.swift; path = Snake.swift; sourceTree = "<group>"; };
		A287503B1ADB29F1006FC5E6 /* Images */ = {isa = PBXFileReference; lastKnownFileType = folder; path = Images; sourceTree = "<group>"; };
		A287503D1ADB3106006FC5E6 /* Sprites.atlas */ = {isa = PBXFileReference; lastKnownFileType = folder.skatlas; path = Sprites.atlas; sourceTree = "<group>"; };
		A287503F1ADB37C4006FC5E6 /* GameBoard.swift */ = {isa = PBXFileReference; fileEncoding = 4; lastKnownFileType = sourcecode.swift; path = GameBoard.swift; sourceTree = "<group>"; };
		A2EF29FB1AD9FB54000FB498 /* MultiSnakes.app */ = {isa = PBXFileReference; explicitFileType = wrapper.application; includeInIndex = 0; path = MultiSnakes.app; sourceTree = BUILT_PRODUCTS_DIR; };
		A2EF29FF1AD9FB54000FB498 /* Info.plist */ = {isa = PBXFileReference; lastKnownFileType = text.plist.xml; path = Info.plist; sourceTree = "<group>"; };
		A2EF2A001AD9FB54000FB498 /* AppDelegate.swift */ = {isa = PBXFileReference; lastKnownFileType = sourcecode.swift; path = AppDelegate.swift; sourceTree = "<group>"; };
		A2EF2A021AD9FB54000FB498 /* GameScene.sks */ = {isa = PBXFileReference; lastKnownFileType = file.sks; path = GameScene.sks; sourceTree = "<group>"; };
		A2EF2A041AD9FB54000FB498 /* GameScene.swift */ = {isa = PBXFileReference; lastKnownFileType = sourcecode.swift; path = GameScene.swift; sourceTree = "<group>"; };
		A2EF2A061AD9FB54000FB498 /* GameViewController.swift */ = {isa = PBXFileReference; lastKnownFileType = sourcecode.swift; path = GameViewController.swift; sourceTree = "<group>"; };
		A2EF2A091AD9FB54000FB498 /* Base */ = {isa = PBXFileReference; lastKnownFileType = file.storyboard; name = Base; path = Base.lproj/Main.storyboard; sourceTree = "<group>"; };
		A2EF2A0B1AD9FB54000FB498 /* Images.xcassets */ = {isa = PBXFileReference; lastKnownFileType = folder.assetcatalog; path = Images.xcassets; sourceTree = "<group>"; };
		A2EF2A0E1AD9FB54000FB498 /* Base */ = {isa = PBXFileReference; lastKnownFileType = file.xib; name = Base; path = Base.lproj/LaunchScreen.xib; sourceTree = "<group>"; };
		A2EF2A141AD9FB54000FB498 /* MultiSnakesTests.xctest */ = {isa = PBXFileReference; explicitFileType = wrapper.cfbundle; includeInIndex = 0; path = MultiSnakesTests.xctest; sourceTree = BUILT_PRODUCTS_DIR; };
		A2EF2A191AD9FB54000FB498 /* Info.plist */ = {isa = PBXFileReference; lastKnownFileType = text.plist.xml; path = Info.plist; sourceTree = "<group>"; };
		A2EF2A1A1AD9FB54000FB498 /* MultiSnakesTests.swift */ = {isa = PBXFileReference; lastKnownFileType = sourcecode.swift; path = MultiSnakesTests.swift; sourceTree = "<group>"; };
/* End PBXFileReference section */

/* Begin PBXFrameworksBuildPhase section */
		A2EF29F81AD9FB54000FB498 /* Frameworks */ = {
			isa = PBXFrameworksBuildPhase;
			buildActionMask = 2147483647;
			files = (
			);
			runOnlyForDeploymentPostprocessing = 0;
		};
		A2EF2A111AD9FB54000FB498 /* Frameworks */ = {
			isa = PBXFrameworksBuildPhase;
			buildActionMask = 2147483647;
			files = (
			);
			runOnlyForDeploymentPostprocessing = 0;
		};
/* End PBXFrameworksBuildPhase section */

/* Begin PBXGroup section */
		A2EF29F21AD9FB54000FB498 = {
			isa = PBXGroup;
			children = (
				A2EF29FD1AD9FB54000FB498 /* MultiSnakes */,
				A2EF2A171AD9FB54000FB498 /* MultiSnakesTests */,
				A2EF29FC1AD9FB54000FB498 /* Products */,
			);
			sourceTree = "<group>";
		};
		A2EF29FC1AD9FB54000FB498 /* Products */ = {
			isa = PBXGroup;
			children = (
				A2EF29FB1AD9FB54000FB498 /* MultiSnakes.app */,
				A2EF2A141AD9FB54000FB498 /* MultiSnakesTests.xctest */,
			);
			name = Products;
			sourceTree = "<group>";
		};
		A2EF29FD1AD9FB54000FB498 /* MultiSnakes */ = {
			isa = PBXGroup;
			children = (
				A2EF2A001AD9FB54000FB498 /* AppDelegate.swift */,
				A2EF2A021AD9FB54000FB498 /* GameScene.sks */,
				A2EF2A041AD9FB54000FB498 /* GameScene.swift */,
				A287503F1ADB37C4006FC5E6 /* GameBoard.swift */,
				A28750391ADB251B006FC5E6 /* Snake.swift */,
				A28750331ADA09F9006FC5E6 /* Block.swift */,
				A28750351ADA0A5A006FC5E6 /* Array2D.swift */,
				A2EF2A061AD9FB54000FB498 /* GameViewController.swift */,
				A2EF2A081AD9FB54000FB498 /* Main.storyboard */,
				A2EF2A0B1AD9FB54000FB498 /* Images.xcassets */,
				A2EF2A0D1AD9FB54000FB498 /* LaunchScreen.xib */,
				A287503D1ADB3106006FC5E6 /* Sprites.atlas */,
				A287503B1ADB29F1006FC5E6 /* Images */,
				A2EF29FE1AD9FB54000FB498 /* Supporting Files */,
			);
			path = MultiSnakes;
			sourceTree = "<group>";
		};
		A2EF29FE1AD9FB54000FB498 /* Supporting Files */ = {
			isa = PBXGroup;
			children = (
				A2EF29FF1AD9FB54000FB498 /* Info.plist */,
			);
			name = "Supporting Files";
			sourceTree = "<group>";
		};
		A2EF2A171AD9FB54000FB498 /* MultiSnakesTests */ = {
			isa = PBXGroup;
			children = (
				A2EF2A1A1AD9FB54000FB498 /* MultiSnakesTests.swift */,
				A2EF2A181AD9FB54000FB498 /* Supporting Files */,
			);
			path = MultiSnakesTests;
			sourceTree = "<group>";
		};
		A2EF2A181AD9FB54000FB498 /* Supporting Files */ = {
			isa = PBXGroup;
			children = (
				A2EF2A191AD9FB54000FB498 /* Info.plist */,
			);
			name = "Supporting Files";
			sourceTree = "<group>";
		};
/* End PBXGroup section */

/* Begin PBXNativeTarget section */
		A2EF29FA1AD9FB54000FB498 /* MultiSnakes */ = {
			isa = PBXNativeTarget;
			buildConfigurationList = A2EF2A1E1AD9FB54000FB498 /* Build configuration list for PBXNativeTarget "MultiSnakes" */;
			buildPhases = (
				A2EF29F71AD9FB54000FB498 /* Sources */,
				A2EF29F81AD9FB54000FB498 /* Frameworks */,
				A2EF29F91AD9FB54000FB498 /* Resources */,
			);
			buildRules = (
			);
			dependencies = (
			);
			name = MultiSnakes;
			productName = MultiSnakes;
			productReference = A2EF29FB1AD9FB54000FB498 /* MultiSnakes.app */;
			productType = "com.apple.product-type.application";
		};
		A2EF2A131AD9FB54000FB498 /* MultiSnakesTests */ = {
			isa = PBXNativeTarget;
			buildConfigurationList = A2EF2A211AD9FB54000FB498 /* Build configuration list for PBXNativeTarget "MultiSnakesTests" */;
			buildPhases = (
				A2EF2A101AD9FB54000FB498 /* Sources */,
				A2EF2A111AD9FB54000FB498 /* Frameworks */,
				A2EF2A121AD9FB54000FB498 /* Resources */,
			);
			buildRules = (
			);
			dependencies = (
				A2EF2A161AD9FB54000FB498 /* PBXTargetDependency */,
			);
			name = MultiSnakesTests;
			productName = MultiSnakesTests;
			productReference = A2EF2A141AD9FB54000FB498 /* MultiSnakesTests.xctest */;
			productType = "com.apple.product-type.bundle.unit-test";
		};
/* End PBXNativeTarget section */

/* Begin PBXProject section */
		A2EF29F31AD9FB54000FB498 /* Project object */ = {
			isa = PBXProject;
			attributes = {
				LastUpgradeCheck = 0630;
				ORGANIZATIONNAME = "Bradley Balducci";
				TargetAttributes = {
					A2EF29FA1AD9FB54000FB498 = {
						CreatedOnToolsVersion = 6.3;
					};
					A2EF2A131AD9FB54000FB498 = {
						CreatedOnToolsVersion = 6.3;
						TestTargetID = A2EF29FA1AD9FB54000FB498;
					};
				};
			};
			buildConfigurationList = A2EF29F61AD9FB54000FB498 /* Build configuration list for PBXProject "MultiSnakes" */;
			compatibilityVersion = "Xcode 3.2";
			developmentRegion = English;
			hasScannedForEncodings = 0;
			knownRegions = (
				en,
				Base,
			);
			mainGroup = A2EF29F21AD9FB54000FB498;
			productRefGroup = A2EF29FC1AD9FB54000FB498 /* Products */;
			projectDirPath = "";
			projectRoot = "";
			targets = (
				A2EF29FA1AD9FB54000FB498 /* MultiSnakes */,
				A2EF2A131AD9FB54000FB498 /* MultiSnakesTests */,
			);
		};
/* End PBXProject section */

/* Begin PBXResourcesBuildPhase section */
		A2EF29F91AD9FB54000FB498 /* Resources */ = {
			isa = PBXResourcesBuildPhase;
			buildActionMask = 2147483647;
			files = (
				A287503E1ADB3106006FC5E6 /* Sprites.atlas in Resources */,
				A287503C1ADB29F1006FC5E6 /* Images in Resources */,
				A2EF2A0F1AD9FB54000FB498 /* LaunchScreen.xib in Resources */,
				A2EF2A0C1AD9FB54000FB498 /* Images.xcassets in Resources */,
				A2EF2A031AD9FB54000FB498 /* GameScene.sks in Resources */,
				A2EF2A0A1AD9FB54000FB498 /* Main.storyboard in Resources */,
			);
			runOnlyForDeploymentPostprocessing = 0;
		};
		A2EF2A121AD9FB54000FB498 /* Resources */ = {
			isa = PBXResourcesBuildPhase;
			buildActionMask = 2147483647;
			files = (
			);
			runOnlyForDeploymentPostprocessing = 0;
		};
/* End PBXResourcesBuildPhase section */

/* Begin PBXSourcesBuildPhase section */
		A2EF29F71AD9FB54000FB498 /* Sources */ = {
			isa = PBXSourcesBuildPhase;
			buildActionMask = 2147483647;
			files = (
				A2EF2A051AD9FB54000FB498 /* GameScene.swift in Sources */,
				A28750341ADA09F9006FC5E6 /* Block.swift in Sources */,
				A2EF2A071AD9FB54000FB498 /* GameViewController.swift in Sources */,
				A28750401ADB37C4006FC5E6 /* GameBoard.swift in Sources */,
				A2EF2A011AD9FB54000FB498 /* AppDelegate.swift in Sources */,
				A287503A1ADB251B006FC5E6 /* Snake.swift in Sources */,
				A28750361ADA0A5A006FC5E6 /* Array2D.swift in Sources */,
			);
			runOnlyForDeploymentPostprocessing = 0;
		};
		A2EF2A101AD9FB54000FB498 /* Sources */ = {
			isa = PBXSourcesBuildPhase;
			buildActionMask = 2147483647;
			files = (
				A2EF2A1B1AD9FB54000FB498 /* MultiSnakesTests.swift in Sources */,
			);
			runOnlyForDeploymentPostprocessing = 0;
		};
/* End PBXSourcesBuildPhase section */

/* Begin PBXTargetDependency section */
		A2EF2A161AD9FB54000FB498 /* PBXTargetDependency */ = {
			isa = PBXTargetDependency;
			target = A2EF29FA1AD9FB54000FB498 /* MultiSnakes */;
			targetProxy = A2EF2A151AD9FB54000FB498 /* PBXContainerItemProxy */;
		};
/* End PBXTargetDependency section */

/* Begin PBXVariantGroup section */
		A2EF2A081AD9FB54000FB498 /* Main.storyboard */ = {
			isa = PBXVariantGroup;
			children = (
				A2EF2A091AD9FB54000FB498 /* Base */,
			);
			name = Main.storyboard;
			sourceTree = "<group>";
		};
		A2EF2A0D1AD9FB54000FB498 /* LaunchScreen.xib */ = {
			isa = PBXVariantGroup;
			children = (
				A2EF2A0E1AD9FB54000FB498 /* Base */,
			);
			name = LaunchScreen.xib;
			sourceTree = "<group>";
		};
/* End PBXVariantGroup section */

/* Begin XCBuildConfiguration section */
		A2EF2A1C1AD9FB54000FB498 /* Debug */ = {
			isa = XCBuildConfiguration;
			buildSettings = {
				ALWAYS_SEARCH_USER_PATHS = NO;
				CLANG_CXX_LANGUAGE_STANDARD = "gnu++0x";
				CLANG_CXX_LIBRARY = "libc++";
				CLANG_ENABLE_MODULES = YES;
				CLANG_ENABLE_OBJC_ARC = YES;
				CLANG_WARN_BOOL_CONVERSION = YES;
				CLANG_WARN_CONSTANT_CONVERSION = YES;
				CLANG_WARN_DIRECT_OBJC_ISA_USAGE = YES_ERROR;
				CLANG_WARN_EMPTY_BODY = YES;
				CLANG_WARN_ENUM_CONVERSION = YES;
				CLANG_WARN_INT_CONVERSION = YES;
				CLANG_WARN_OBJC_ROOT_CLASS = YES_ERROR;
				CLANG_WARN_UNREACHABLE_CODE = YES;
				CLANG_WARN__DUPLICATE_METHOD_MATCH = YES;
				"CODE_SIGN_IDENTITY[sdk=iphoneos*]" = "iPhone Developer";
				COPY_PHASE_STRIP = NO;
				DEBUG_INFORMATION_FORMAT = "dwarf-with-dsym";
				ENABLE_STRICT_OBJC_MSGSEND = YES;
				GCC_C_LANGUAGE_STANDARD = gnu99;
				GCC_DYNAMIC_NO_PIC = NO;
				GCC_NO_COMMON_BLOCKS = YES;
				GCC_OPTIMIZATION_LEVEL = 0;
				GCC_PREPROCESSOR_DEFINITIONS = (
					"DEBUG=1",
					"$(inherited)",
				);
				GCC_SYMBOLS_PRIVATE_EXTERN = NO;
				GCC_WARN_64_TO_32_BIT_CONVERSION = YES;
				GCC_WARN_ABOUT_RETURN_TYPE = YES_ERROR;
				GCC_WARN_UNDECLARED_SELECTOR = YES;
				GCC_WARN_UNINITIALIZED_AUTOS = YES_AGGRESSIVE;
				GCC_WARN_UNUSED_FUNCTION = YES;
				GCC_WARN_UNUSED_VARIABLE = YES;
				IPHONEOS_DEPLOYMENT_TARGET = 8.3;
				MTL_ENABLE_DEBUG_INFO = YES;
				ONLY_ACTIVE_ARCH = YES;
				SDKROOT = iphoneos;
				SWIFT_OPTIMIZATION_LEVEL = "-Onone";
			};
			name = Debug;
		};
		A2EF2A1D1AD9FB54000FB498 /* Release */ = {
			isa = XCBuildConfiguration;
			buildSettings = {
				ALWAYS_SEARCH_USER_PATHS = NO;
				CLANG_CXX_LANGUAGE_STANDARD = "gnu++0x";
				CLANG_CXX_LIBRARY = "libc++";
				CLANG_ENABLE_MODULES = YES;
				CLANG_ENABLE_OBJC_ARC = YES;
				CLANG_WARN_BOOL_CONVERSION = YES;
				CLANG_WARN_CONSTANT_CONVERSION = YES;
				CLANG_WARN_DIRECT_OBJC_ISA_USAGE = YES_ERROR;
				CLANG_WARN_EMPTY_BODY = YES;
				CLANG_WARN_ENUM_CONVERSION = YES;
				CLANG_WARN_INT_CONVERSION = YES;
				CLANG_WARN_OBJC_ROOT_CLASS = YES_ERROR;
				CLANG_WARN_UNREACHABLE_CODE = YES;
				CLANG_WARN__DUPLICATE_METHOD_MATCH = YES;
				"CODE_SIGN_IDENTITY[sdk=iphoneos*]" = "iPhone Developer";
				COPY_PHASE_STRIP = NO;
				DEBUG_INFORMATION_FORMAT = "dwarf-with-dsym";
				ENABLE_NS_ASSERTIONS = NO;
				ENABLE_STRICT_OBJC_MSGSEND = YES;
				GCC_C_LANGUAGE_STANDARD = gnu99;
				GCC_NO_COMMON_BLOCKS = YES;
				GCC_WARN_64_TO_32_BIT_CONVERSION = YES;
				GCC_WARN_ABOUT_RETURN_TYPE = YES_ERROR;
				GCC_WARN_UNDECLARED_SELECTOR = YES;
				GCC_WARN_UNINITIALIZED_AUTOS = YES_AGGRESSIVE;
				GCC_WARN_UNUSED_FUNCTION = YES;
				GCC_WARN_UNUSED_VARIABLE = YES;
				IPHONEOS_DEPLOYMENT_TARGET = 8.3;
				MTL_ENABLE_DEBUG_INFO = NO;
				SDKROOT = iphoneos;
				VALIDATE_PRODUCT = YES;
			};
			name = Release;
		};
		A2EF2A1F1AD9FB54000FB498 /* Debug */ = {
			isa = XCBuildConfiguration;
			buildSettings = {
				ASSETCATALOG_COMPILER_APPICON_NAME = AppIcon;
				INFOPLIST_FILE = MultiSnakes/Info.plist;
				LD_RUNPATH_SEARCH_PATHS = "$(inherited) @executable_path/Frameworks";
				PRODUCT_NAME = "$(TARGET_NAME)";
			};
			name = Debug;
		};
		A2EF2A201AD9FB54000FB498 /* Release */ = {
			isa = XCBuildConfiguration;
			buildSettings = {
				ASSETCATALOG_COMPILER_APPICON_NAME = AppIcon;
				INFOPLIST_FILE = MultiSnakes/Info.plist;
				LD_RUNPATH_SEARCH_PATHS = "$(inherited) @executable_path/Frameworks";
				PRODUCT_NAME = "$(TARGET_NAME)";
			};
			name = Release;
		};
		A2EF2A221AD9FB54000FB498 /* Debug */ = {
			isa = XCBuildConfiguration;
			buildSettings = {
				BUNDLE_LOADER = "$(TEST_HOST)";
				FRAMEWORK_SEARCH_PATHS = (
					"$(SDKROOT)/Developer/Library/Frameworks",
					"$(inherited)",
				);
				GCC_PREPROCESSOR_DEFINITIONS = (
					"DEBUG=1",
					"$(inherited)",
				);
				INFOPLIST_FILE = MultiSnakesTests/Info.plist;
				LD_RUNPATH_SEARCH_PATHS = "$(inherited) @executable_path/Frameworks @loader_path/Frameworks";
				PRODUCT_NAME = "$(TARGET_NAME)";
				TEST_HOST = "$(BUILT_PRODUCTS_DIR)/MultiSnakes.app/MultiSnakes";
			};
			name = Debug;
		};
		A2EF2A231AD9FB54000FB498 /* Release */ = {
			isa = XCBuildConfiguration;
			buildSettings = {
				BUNDLE_LOADER = "$(TEST_HOST)";
				FRAMEWORK_SEARCH_PATHS = (
					"$(SDKROOT)/Developer/Library/Frameworks",
					"$(inherited)",
				);
				INFOPLIST_FILE = MultiSnakesTests/Info.plist;
				LD_RUNPATH_SEARCH_PATHS = "$(inherited) @executable_path/Frameworks @loader_path/Frameworks";
				PRODUCT_NAME = "$(TARGET_NAME)";
				TEST_HOST = "$(BUILT_PRODUCTS_DIR)/MultiSnakes.app/MultiSnakes";
			};
			name = Release;
		};
/* End XCBuildConfiguration section */

/* Begin XCConfigurationList section */
		A2EF29F61AD9FB54000FB498 /* Build configuration list for PBXProject "MultiSnakes" */ = {
			isa = XCConfigurationList;
			buildConfigurations = (
				A2EF2A1C1AD9FB54000FB498 /* Debug */,
				A2EF2A1D1AD9FB54000FB498 /* Release */,
			);
			defaultConfigurationIsVisible = 0;
			defaultConfigurationName = Release;
		};
		A2EF2A1E1AD9FB54000FB498 /* Build configuration list for PBXNativeTarget "MultiSnakes" */ = {
			isa = XCConfigurationList;
			buildConfigurations = (
				A2EF2A1F1AD9FB54000FB498 /* Debug */,
				A2EF2A201AD9FB54000FB498 /* Release */,
			);
			defaultConfigurationIsVisible = 0;
			defaultConfigurationName = Release;
		};
		A2EF2A211AD9FB54000FB498 /* Build configuration list for PBXNativeTarget "MultiSnakesTests" */ = {
			isa = XCConfigurationList;
			buildConfigurations = (
				A2EF2A221AD9FB54000FB498 /* Debug */,
				A2EF2A231AD9FB54000FB498 /* Release */,
			);
			defaultConfigurationIsVisible = 0;
			defaultConfigurationName = Release;
		};
/* End XCConfigurationList section */
	};
	rootObject = A2EF29F31AD9FB54000FB498 /* Project object */;
}
